// !$*UTF8*$!
{
	archiveVersion = 1;
	classes = {
	};
	objectVersion = 52;
	objects = {

/* Begin PBXBuildFile section */
		1594E36DE80E5B15F16C5B1E /* Pods_SwiftNews.framework in Frameworks */ = {isa = PBXBuildFile; fileRef = 16799EFCC1CE45B7327499B8 /* Pods_SwiftNews.framework */; };
		37831786DF91E2B22061E5C0 /* Pods_SwiftNews_SwiftNewsUITests.framework in Frameworks */ = {isa = PBXBuildFile; fileRef = 2BB925970C06AB91A8A46D69 /* Pods_SwiftNews_SwiftNewsUITests.framework */; };
		469AEA36252BB85800C2BE78 /* AppDelegate.swift in Sources */ = {isa = PBXBuildFile; fileRef = 469AEA35252BB85800C2BE78 /* AppDelegate.swift */; };
		469AEA38252BB85800C2BE78 /* SceneDelegate.swift in Sources */ = {isa = PBXBuildFile; fileRef = 469AEA37252BB85800C2BE78 /* SceneDelegate.swift */; };
		469AEA3A252BB85800C2BE78 /* NewsHomeViewController.swift in Sources */ = {isa = PBXBuildFile; fileRef = 469AEA39252BB85800C2BE78 /* NewsHomeViewController.swift */; };
		469AEA3D252BB85800C2BE78 /* Main.storyboard in Resources */ = {isa = PBXBuildFile; fileRef = 469AEA3B252BB85800C2BE78 /* Main.storyboard */; };
		469AEA40252BB85800C2BE78 /* SwiftNews.xcdatamodeld in Sources */ = {isa = PBXBuildFile; fileRef = 469AEA3E252BB85800C2BE78 /* SwiftNews.xcdatamodeld */; };
		469AEA42252BB85A00C2BE78 /* Assets.xcassets in Resources */ = {isa = PBXBuildFile; fileRef = 469AEA41252BB85A00C2BE78 /* Assets.xcassets */; };
		469AEA45252BB85A00C2BE78 /* LaunchScreen.storyboard in Resources */ = {isa = PBXBuildFile; fileRef = 469AEA43252BB85A00C2BE78 /* LaunchScreen.storyboard */; };
		469AEA50252BB85B00C2BE78 /* SwiftNewsTests.swift in Sources */ = {isa = PBXBuildFile; fileRef = 469AEA4F252BB85B00C2BE78 /* SwiftNewsTests.swift */; };
		469AEA5B252BB85B00C2BE78 /* SwiftNewsUITests.swift in Sources */ = {isa = PBXBuildFile; fileRef = 469AEA5A252BB85B00C2BE78 /* SwiftNewsUITests.swift */; };
		469AEA75252BBB6600C2BE78 /* CustomFonts.swift in Sources */ = {isa = PBXBuildFile; fileRef = 469AEA74252BBB6600C2BE78 /* CustomFonts.swift */; };
		469AEA7A252BBC0200C2BE78 /* CustomColors.swift in Sources */ = {isa = PBXBuildFile; fileRef = 469AEA79252BBC0200C2BE78 /* CustomColors.swift */; };
		469AEA7F252BBC6200C2BE78 /* NewsHomeDataSource.swift in Sources */ = {isa = PBXBuildFile; fileRef = 469AEA7E252BBC6200C2BE78 /* NewsHomeDataSource.swift */; };
		469AEA84252BBC8E00C2BE78 /* NewsHomeDataModel.swift in Sources */ = {isa = PBXBuildFile; fileRef = 469AEA83252BBC8E00C2BE78 /* NewsHomeDataModel.swift */; };
		469AEA8C252BF20D00C2BE78 /* ApiRequestManager.swift in Sources */ = {isa = PBXBuildFile; fileRef = 469AEA8B252BF20D00C2BE78 /* ApiRequestManager.swift */; };
		469AEA91252BF92500C2BE78 /* AlertModel.swift in Sources */ = {isa = PBXBuildFile; fileRef = 469AEA90252BF92500C2BE78 /* AlertModel.swift */; };
		469AEA96252C19C800C2BE78 /* CustomAnimination.swift in Sources */ = {isa = PBXBuildFile; fileRef = 469AEA95252C19C800C2BE78 /* CustomAnimination.swift */; };
		469AEAB8252C405800C2BE78 /* ArticleViewController.swift in Sources */ = {isa = PBXBuildFile; fileRef = 469AEAB7252C405800C2BE78 /* ArticleViewController.swift */; };
		469AEABC252C409F00C2BE78 /* ArticleView.swift in Sources */ = {isa = PBXBuildFile; fileRef = 469AEABB252C409F00C2BE78 /* ArticleView.swift */; };
		469AEAC0252C471C00C2BE78 /* util.swift in Sources */ = {isa = PBXBuildFile; fileRef = 469AEABF252C471C00C2BE78 /* util.swift */; };
		469AEAC4252C4B7E00C2BE78 /* ArticleViewModel.swift in Sources */ = {isa = PBXBuildFile; fileRef = 469AEAC3252C4B7E00C2BE78 /* ArticleViewModel.swift */; };
		469AEAD0252CE4B600C2BE78 /* DefaultNewsHomeTableViewCell.swift in Sources */ = {isa = PBXBuildFile; fileRef = 469AEACF252CE4B400C2BE78 /* DefaultNewsHomeTableViewCell.swift */; };
		46FB9C76252DA0C500E9DB80 /* Network.swift in Sources */ = {isa = PBXBuildFile; fileRef = 46FB9C75252DA0C500E9DB80 /* Network.swift */; };
		46FB9C7B252DA57500E9DB80 /* Alamofire in Frameworks */ = {isa = PBXBuildFile; productRef = 46FB9C7A252DA57500E9DB80 /* Alamofire */; };
		7577C9A5F5A3BBE45F5D410C /* Pods_SwiftNewsTests.framework in Frameworks */ = {isa = PBXBuildFile; fileRef = 4CAA5631D59C67F34359970E /* Pods_SwiftNewsTests.framework */; };
/* End PBXBuildFile section */

/* Begin PBXContainerItemProxy section */
		469AEA4C252BB85B00C2BE78 /* PBXContainerItemProxy */ = {
			isa = PBXContainerItemProxy;
			containerPortal = 469AEA2A252BB85700C2BE78 /* Project object */;
			proxyType = 1;
			remoteGlobalIDString = 469AEA31252BB85700C2BE78;
			remoteInfo = SwiftNews;
		};
		469AEA57252BB85B00C2BE78 /* PBXContainerItemProxy */ = {
			isa = PBXContainerItemProxy;
			containerPortal = 469AEA2A252BB85700C2BE78 /* Project object */;
			proxyType = 1;
			remoteGlobalIDString = 469AEA31252BB85700C2BE78;
			remoteInfo = SwiftNews;
		};
/* End PBXContainerItemProxy section */

/* Begin PBXCopyFilesBuildPhase section */
		469AEAA2252C308C00C2BE78 /* Embed Frameworks */ = {
			isa = PBXCopyFilesBuildPhase;
			buildActionMask = 2147483647;
			dstPath = "";
			dstSubfolderSpec = 10;
			files = (
			);
			name = "Embed Frameworks";
			runOnlyForDeploymentPostprocessing = 0;
		};
/* End PBXCopyFilesBuildPhase section */

/* Begin PBXFileReference section */
		16799EFCC1CE45B7327499B8 /* Pods_SwiftNews.framework */ = {isa = PBXFileReference; explicitFileType = wrapper.framework; includeInIndex = 0; path = Pods_SwiftNews.framework; sourceTree = BUILT_PRODUCTS_DIR; };
		2BB925970C06AB91A8A46D69 /* Pods_SwiftNews_SwiftNewsUITests.framework */ = {isa = PBXFileReference; explicitFileType = wrapper.framework; includeInIndex = 0; path = Pods_SwiftNews_SwiftNewsUITests.framework; sourceTree = BUILT_PRODUCTS_DIR; };
		469AEA32252BB85800C2BE78 /* SwiftNews.app */ = {isa = PBXFileReference; explicitFileType = wrapper.application; includeInIndex = 0; path = SwiftNews.app; sourceTree = BUILT_PRODUCTS_DIR; };
		469AEA35252BB85800C2BE78 /* AppDelegate.swift */ = {isa = PBXFileReference; lastKnownFileType = sourcecode.swift; path = AppDelegate.swift; sourceTree = "<group>"; };
		469AEA37252BB85800C2BE78 /* SceneDelegate.swift */ = {isa = PBXFileReference; lastKnownFileType = sourcecode.swift; path = SceneDelegate.swift; sourceTree = "<group>"; };
		469AEA39252BB85800C2BE78 /* NewsHomeViewController.swift */ = {isa = PBXFileReference; lastKnownFileType = sourcecode.swift; path = NewsHomeViewController.swift; sourceTree = "<group>"; };
		469AEA3C252BB85800C2BE78 /* Base */ = {isa = PBXFileReference; lastKnownFileType = file.storyboard; name = Base; path = Base.lproj/Main.storyboard; sourceTree = "<group>"; };
		469AEA3F252BB85800C2BE78 /* SwiftNews.xcdatamodel */ = {isa = PBXFileReference; lastKnownFileType = wrapper.xcdatamodel; path = SwiftNews.xcdatamodel; sourceTree = "<group>"; };
		469AEA41252BB85A00C2BE78 /* Assets.xcassets */ = {isa = PBXFileReference; lastKnownFileType = folder.assetcatalog; path = Assets.xcassets; sourceTree = "<group>"; };
		469AEA44252BB85A00C2BE78 /* Base */ = {isa = PBXFileReference; lastKnownFileType = file.storyboard; name = Base; path = Base.lproj/LaunchScreen.storyboard; sourceTree = "<group>"; };
		469AEA46252BB85A00C2BE78 /* Info.plist */ = {isa = PBXFileReference; lastKnownFileType = text.plist.xml; path = Info.plist; sourceTree = "<group>"; };
		469AEA4B252BB85B00C2BE78 /* SwiftNewsTests.xctest */ = {isa = PBXFileReference; explicitFileType = wrapper.cfbundle; includeInIndex = 0; path = SwiftNewsTests.xctest; sourceTree = BUILT_PRODUCTS_DIR; };
		469AEA4F252BB85B00C2BE78 /* SwiftNewsTests.swift */ = {isa = PBXFileReference; lastKnownFileType = sourcecode.swift; path = SwiftNewsTests.swift; sourceTree = "<group>"; };
		469AEA51252BB85B00C2BE78 /* Info.plist */ = {isa = PBXFileReference; lastKnownFileType = text.plist.xml; path = Info.plist; sourceTree = "<group>"; };
		469AEA56252BB85B00C2BE78 /* SwiftNewsUITests.xctest */ = {isa = PBXFileReference; explicitFileType = wrapper.cfbundle; includeInIndex = 0; path = SwiftNewsUITests.xctest; sourceTree = BUILT_PRODUCTS_DIR; };
		469AEA5A252BB85B00C2BE78 /* SwiftNewsUITests.swift */ = {isa = PBXFileReference; lastKnownFileType = sourcecode.swift; path = SwiftNewsUITests.swift; sourceTree = "<group>"; };
		469AEA5C252BB85B00C2BE78 /* Info.plist */ = {isa = PBXFileReference; lastKnownFileType = text.plist.xml; path = Info.plist; sourceTree = "<group>"; };
		469AEA74252BBB6600C2BE78 /* CustomFonts.swift */ = {isa = PBXFileReference; lastKnownFileType = sourcecode.swift; path = CustomFonts.swift; sourceTree = "<group>"; };
		469AEA79252BBC0200C2BE78 /* CustomColors.swift */ = {isa = PBXFileReference; lastKnownFileType = sourcecode.swift; path = CustomColors.swift; sourceTree = "<group>"; };
		469AEA7E252BBC6200C2BE78 /* NewsHomeDataSource.swift */ = {isa = PBXFileReference; lastKnownFileType = sourcecode.swift; path = NewsHomeDataSource.swift; sourceTree = "<group>"; };
		469AEA83252BBC8E00C2BE78 /* NewsHomeDataModel.swift */ = {isa = PBXFileReference; lastKnownFileType = sourcecode.swift; path = NewsHomeDataModel.swift; sourceTree = "<group>"; };
		469AEA8B252BF20D00C2BE78 /* ApiRequestManager.swift */ = {isa = PBXFileReference; lastKnownFileType = sourcecode.swift; path = ApiRequestManager.swift; sourceTree = "<group>"; };
		469AEA90252BF92500C2BE78 /* AlertModel.swift */ = {isa = PBXFileReference; lastKnownFileType = sourcecode.swift; path = AlertModel.swift; sourceTree = "<group>"; };
		469AEA95252C19C800C2BE78 /* CustomAnimination.swift */ = {isa = PBXFileReference; lastKnownFileType = sourcecode.swift; path = CustomAnimination.swift; sourceTree = "<group>"; };
		469AEAB7252C405800C2BE78 /* ArticleViewController.swift */ = {isa = PBXFileReference; lastKnownFileType = sourcecode.swift; path = ArticleViewController.swift; sourceTree = "<group>"; };
		469AEABB252C409F00C2BE78 /* ArticleView.swift */ = {isa = PBXFileReference; lastKnownFileType = sourcecode.swift; path = ArticleView.swift; sourceTree = "<group>"; };
		469AEABF252C471C00C2BE78 /* util.swift */ = {isa = PBXFileReference; lastKnownFileType = sourcecode.swift; path = util.swift; sourceTree = "<group>"; };
		469AEAC3252C4B7E00C2BE78 /* ArticleViewModel.swift */ = {isa = PBXFileReference; lastKnownFileType = sourcecode.swift; path = ArticleViewModel.swift; sourceTree = "<group>"; };
		469AEACF252CE4B400C2BE78 /* DefaultNewsHomeTableViewCell.swift */ = {isa = PBXFileReference; lastKnownFileType = sourcecode.swift; path = DefaultNewsHomeTableViewCell.swift; sourceTree = "<group>"; };
		46FB9C75252DA0C500E9DB80 /* Network.swift */ = {isa = PBXFileReference; lastKnownFileType = sourcecode.swift; path = Network.swift; sourceTree = "<group>"; };
		4CAA5631D59C67F34359970E /* Pods_SwiftNewsTests.framework */ = {isa = PBXFileReference; explicitFileType = wrapper.framework; includeInIndex = 0; path = Pods_SwiftNewsTests.framework; sourceTree = BUILT_PRODUCTS_DIR; };
		5EE6E69F863146CBF08C818C /* Pods-SwiftNewsTests.release.xcconfig */ = {isa = PBXFileReference; includeInIndex = 1; lastKnownFileType = text.xcconfig; name = "Pods-SwiftNewsTests.release.xcconfig"; path = "Target Support Files/Pods-SwiftNewsTests/Pods-SwiftNewsTests.release.xcconfig"; sourceTree = "<group>"; };
		6347D0B04051BA4E3A8478FB /* Pods-SwiftNews.release.xcconfig */ = {isa = PBXFileReference; includeInIndex = 1; lastKnownFileType = text.xcconfig; name = "Pods-SwiftNews.release.xcconfig"; path = "Target Support Files/Pods-SwiftNews/Pods-SwiftNews.release.xcconfig"; sourceTree = "<group>"; };
		9D64F6575481BBD8DBAAAD91 /* Pods-SwiftNewsTests.debug.xcconfig */ = {isa = PBXFileReference; includeInIndex = 1; lastKnownFileType = text.xcconfig; name = "Pods-SwiftNewsTests.debug.xcconfig"; path = "Target Support Files/Pods-SwiftNewsTests/Pods-SwiftNewsTests.debug.xcconfig"; sourceTree = "<group>"; };
		A2727383B0C400B8CBB95A36 /* Pods-SwiftNews-SwiftNewsUITests.debug.xcconfig */ = {isa = PBXFileReference; includeInIndex = 1; lastKnownFileType = text.xcconfig; name = "Pods-SwiftNews-SwiftNewsUITests.debug.xcconfig"; path = "Target Support Files/Pods-SwiftNews-SwiftNewsUITests/Pods-SwiftNews-SwiftNewsUITests.debug.xcconfig"; sourceTree = "<group>"; };
		B7FDE8A17ED7C171623A7CB0 /* Pods-SwiftNews-SwiftNewsUITests.release.xcconfig */ = {isa = PBXFileReference; includeInIndex = 1; lastKnownFileType = text.xcconfig; name = "Pods-SwiftNews-SwiftNewsUITests.release.xcconfig"; path = "Target Support Files/Pods-SwiftNews-SwiftNewsUITests/Pods-SwiftNews-SwiftNewsUITests.release.xcconfig"; sourceTree = "<group>"; };
		BB76B66841FCD9787F0FBD2C /* Pods-SwiftNews.debug.xcconfig */ = {isa = PBXFileReference; includeInIndex = 1; lastKnownFileType = text.xcconfig; name = "Pods-SwiftNews.debug.xcconfig"; path = "Target Support Files/Pods-SwiftNews/Pods-SwiftNews.debug.xcconfig"; sourceTree = "<group>"; };
/* End PBXFileReference section */

/* Begin PBXFrameworksBuildPhase section */
		469AEA2F252BB85700C2BE78 /* Frameworks */ = {
			isa = PBXFrameworksBuildPhase;
			buildActionMask = 2147483647;
			files = (
				1594E36DE80E5B15F16C5B1E /* Pods_SwiftNews.framework in Frameworks */,
				46FB9C7B252DA57500E9DB80 /* Alamofire in Frameworks */,
			);
			runOnlyForDeploymentPostprocessing = 0;
		};
		469AEA48252BB85B00C2BE78 /* Frameworks */ = {
			isa = PBXFrameworksBuildPhase;
			buildActionMask = 2147483647;
			files = (
				7577C9A5F5A3BBE45F5D410C /* Pods_SwiftNewsTests.framework in Frameworks */,
			);
			runOnlyForDeploymentPostprocessing = 0;
		};
		469AEA53252BB85B00C2BE78 /* Frameworks */ = {
			isa = PBXFrameworksBuildPhase;
			buildActionMask = 2147483647;
			files = (
				37831786DF91E2B22061E5C0 /* Pods_SwiftNews_SwiftNewsUITests.framework in Frameworks */,
			);
			runOnlyForDeploymentPostprocessing = 0;
		};
/* End PBXFrameworksBuildPhase section */

/* Begin PBXGroup section */
		257A197D6EF77A5B3C47C18D /* Pods */ = {
			isa = PBXGroup;
			children = (
				BB76B66841FCD9787F0FBD2C /* Pods-SwiftNews.debug.xcconfig */,
				6347D0B04051BA4E3A8478FB /* Pods-SwiftNews.release.xcconfig */,
				A2727383B0C400B8CBB95A36 /* Pods-SwiftNews-SwiftNewsUITests.debug.xcconfig */,
				B7FDE8A17ED7C171623A7CB0 /* Pods-SwiftNews-SwiftNewsUITests.release.xcconfig */,
				9D64F6575481BBD8DBAAAD91 /* Pods-SwiftNewsTests.debug.xcconfig */,
				5EE6E69F863146CBF08C818C /* Pods-SwiftNewsTests.release.xcconfig */,
			);
			path = Pods;
			sourceTree = "<group>";
		};
		469AEA29252BB85700C2BE78 = {
			isa = PBXGroup;
			children = (
				469AEA34252BB85800C2BE78 /* SwiftNews */,
				469AEA4E252BB85B00C2BE78 /* SwiftNewsTests */,
				469AEA59252BB85B00C2BE78 /* SwiftNewsUITests */,
				469AEA33252BB85800C2BE78 /* Products */,
				257A197D6EF77A5B3C47C18D /* Pods */,
				770A505905E7703CE6481657 /* Frameworks */,
			);
			sourceTree = "<group>";
		};
		469AEA33252BB85800C2BE78 /* Products */ = {
			isa = PBXGroup;
			children = (
				469AEA32252BB85800C2BE78 /* SwiftNews.app */,
				469AEA4B252BB85B00C2BE78 /* SwiftNewsTests.xctest */,
				469AEA56252BB85B00C2BE78 /* SwiftNewsUITests.xctest */,
			);
			name = Products;
			sourceTree = "<group>";
		};
		469AEA34252BB85800C2BE78 /* SwiftNews */ = {
			isa = PBXGroup;
			children = (
				469AEA6E252BBA3F00C2BE78 /* Views */,
				469AEA6D252BBA3400C2BE78 /* Models */,
				469AEA6C252BBA2800C2BE78 /* Controllers */,
				469AEA6B252BBA2000C2BE78 /* ViewModel */,
				469AEA35252BB85800C2BE78 /* AppDelegate.swift */,
				469AEA37252BB85800C2BE78 /* SceneDelegate.swift */,
				469AEA3B252BB85800C2BE78 /* Main.storyboard */,
				469AEA41252BB85A00C2BE78 /* Assets.xcassets */,
				469AEA43252BB85A00C2BE78 /* LaunchScreen.storyboard */,
				469AEA46252BB85A00C2BE78 /* Info.plist */,
				469AEA3E252BB85800C2BE78 /* SwiftNews.xcdatamodeld */,
			);
			path = SwiftNews;
			sourceTree = "<group>";
		};
		469AEA4E252BB85B00C2BE78 /* SwiftNewsTests */ = {
			isa = PBXGroup;
			children = (
				469AEA4F252BB85B00C2BE78 /* SwiftNewsTests.swift */,
				469AEA51252BB85B00C2BE78 /* Info.plist */,
			);
			path = SwiftNewsTests;
			sourceTree = "<group>";
		};
		469AEA59252BB85B00C2BE78 /* SwiftNewsUITests */ = {
			isa = PBXGroup;
			children = (
				469AEA5A252BB85B00C2BE78 /* SwiftNewsUITests.swift */,
				469AEA5C252BB85B00C2BE78 /* Info.plist */,
			);
			path = SwiftNewsUITests;
			sourceTree = "<group>";
		};
		469AEA6B252BBA2000C2BE78 /* ViewModel */ = {
			isa = PBXGroup;
			children = (
				469AEA7E252BBC6200C2BE78 /* NewsHomeDataSource.swift */,
				469AEAC3252C4B7E00C2BE78 /* ArticleViewModel.swift */,
			);
			path = ViewModel;
			sourceTree = "<group>";
		};
		469AEA6C252BBA2800C2BE78 /* Controllers */ = {
			isa = PBXGroup;
			children = (
				469AEA39252BB85800C2BE78 /* NewsHomeViewController.swift */,
				469AEAB7252C405800C2BE78 /* ArticleViewController.swift */,
			);
			path = Controllers;
			sourceTree = "<group>";
		};
		469AEA6D252BBA3400C2BE78 /* Models */ = {
			isa = PBXGroup;
			children = (
				469AEA74252BBB6600C2BE78 /* CustomFonts.swift */,
				469AEA79252BBC0200C2BE78 /* CustomColors.swift */,
				469AEA83252BBC8E00C2BE78 /* NewsHomeDataModel.swift */,
				469AEA8B252BF20D00C2BE78 /* ApiRequestManager.swift */,
				469AEA90252BF92500C2BE78 /* AlertModel.swift */,
				469AEA95252C19C800C2BE78 /* CustomAnimination.swift */,
				469AEABF252C471C00C2BE78 /* util.swift */,
				46FB9C75252DA0C500E9DB80 /* Network.swift */,
			);
			path = Models;
			sourceTree = "<group>";
		};
		469AEA6E252BBA3F00C2BE78 /* Views */ = {
			isa = PBXGroup;
			children = (
				469AEABB252C409F00C2BE78 /* ArticleView.swift */,
				469AEACF252CE4B400C2BE78 /* DefaultNewsHomeTableViewCell.swift */,
			);
			path = Views;
			sourceTree = "<group>";
		};
		770A505905E7703CE6481657 /* Frameworks */ = {
			isa = PBXGroup;
			children = (
				16799EFCC1CE45B7327499B8 /* Pods_SwiftNews.framework */,
				2BB925970C06AB91A8A46D69 /* Pods_SwiftNews_SwiftNewsUITests.framework */,
				4CAA5631D59C67F34359970E /* Pods_SwiftNewsTests.framework */,
			);
			name = Frameworks;
			sourceTree = "<group>";
		};
/* End PBXGroup section */

/* Begin PBXNativeTarget section */
		469AEA31252BB85700C2BE78 /* SwiftNews */ = {
			isa = PBXNativeTarget;
			buildConfigurationList = 469AEA5F252BB85B00C2BE78 /* Build configuration list for PBXNativeTarget "SwiftNews" */;
			buildPhases = (
				2024211CE901F5557970ABEC /* [CP] Check Pods Manifest.lock */,
				469AEA2E252BB85700C2BE78 /* Sources */,
				469AEA2F252BB85700C2BE78 /* Frameworks */,
				469AEA30252BB85700C2BE78 /* Resources */,
				469AEAA2252C308C00C2BE78 /* Embed Frameworks */,
				D5E342B248FD8EFB861005FC /* [CP] Embed Pods Frameworks */,
			);
			buildRules = (
			);
			dependencies = (
			);
			name = SwiftNews;
			packageProductDependencies = (
				46FB9C7A252DA57500E9DB80 /* Alamofire */,
			);
			productName = SwiftNews;
			productReference = 469AEA32252BB85800C2BE78 /* SwiftNews.app */;
			productType = "com.apple.product-type.application";
		};
		469AEA4A252BB85B00C2BE78 /* SwiftNewsTests */ = {
			isa = PBXNativeTarget;
			buildConfigurationList = 469AEA62252BB85B00C2BE78 /* Build configuration list for PBXNativeTarget "SwiftNewsTests" */;
			buildPhases = (
				FD030347D8C844C7C16FFEDC /* [CP] Check Pods Manifest.lock */,
				469AEA47252BB85B00C2BE78 /* Sources */,
				469AEA48252BB85B00C2BE78 /* Frameworks */,
				469AEA49252BB85B00C2BE78 /* Resources */,
			);
			buildRules = (
			);
			dependencies = (
				469AEA4D252BB85B00C2BE78 /* PBXTargetDependency */,
			);
			name = SwiftNewsTests;
			productName = SwiftNewsTests;
			productReference = 469AEA4B252BB85B00C2BE78 /* SwiftNewsTests.xctest */;
			productType = "com.apple.product-type.bundle.unit-test";
		};
		469AEA55252BB85B00C2BE78 /* SwiftNewsUITests */ = {
			isa = PBXNativeTarget;
			buildConfigurationList = 469AEA65252BB85B00C2BE78 /* Build configuration list for PBXNativeTarget "SwiftNewsUITests" */;
			buildPhases = (
				6FD148C233BB8E121BFFE106 /* [CP] Check Pods Manifest.lock */,
				469AEA52252BB85B00C2BE78 /* Sources */,
				469AEA53252BB85B00C2BE78 /* Frameworks */,
				469AEA54252BB85B00C2BE78 /* Resources */,
				E7F490AC8BF8A5A939223FC3 /* [CP] Embed Pods Frameworks */,
			);
			buildRules = (
			);
			dependencies = (
				469AEA58252BB85B00C2BE78 /* PBXTargetDependency */,
			);
			name = SwiftNewsUITests;
			productName = SwiftNewsUITests;
			productReference = 469AEA56252BB85B00C2BE78 /* SwiftNewsUITests.xctest */;
			productType = "com.apple.product-type.bundle.ui-testing";
		};
/* End PBXNativeTarget section */

/* Begin PBXProject section */
		469AEA2A252BB85700C2BE78 /* Project object */ = {
			isa = PBXProject;
			attributes = {
				LastSwiftUpdateCheck = 1200;
				LastUpgradeCheck = 1200;
				TargetAttributes = {
					469AEA31252BB85700C2BE78 = {
						CreatedOnToolsVersion = 12.0;
					};
					469AEA4A252BB85B00C2BE78 = {
						CreatedOnToolsVersion = 12.0;
						TestTargetID = 469AEA31252BB85700C2BE78;
					};
					469AEA55252BB85B00C2BE78 = {
						CreatedOnToolsVersion = 12.0;
						TestTargetID = 469AEA31252BB85700C2BE78;
					};
				};
			};
			buildConfigurationList = 469AEA2D252BB85700C2BE78 /* Build configuration list for PBXProject "SwiftNews" */;
			compatibilityVersion = "Xcode 9.3";
			developmentRegion = en;
			hasScannedForEncodings = 0;
			knownRegions = (
				en,
				Base,
			);
			mainGroup = 469AEA29252BB85700C2BE78;
			packageReferences = (
				46FB9C79252DA57500E9DB80 /* XCRemoteSwiftPackageReference "Alamofire" */,
			);
			productRefGroup = 469AEA33252BB85800C2BE78 /* Products */;
			projectDirPath = "";
			projectRoot = "";
			targets = (
				469AEA31252BB85700C2BE78 /* SwiftNews */,
				469AEA4A252BB85B00C2BE78 /* SwiftNewsTests */,
				469AEA55252BB85B00C2BE78 /* SwiftNewsUITests */,
			);
		};
/* End PBXProject section */

/* Begin PBXResourcesBuildPhase section */
		469AEA30252BB85700C2BE78 /* Resources */ = {
			isa = PBXResourcesBuildPhase;
			buildActionMask = 2147483647;
			files = (
				469AEA45252BB85A00C2BE78 /* LaunchScreen.storyboard in Resources */,
				469AEA42252BB85A00C2BE78 /* Assets.xcassets in Resources */,
				469AEA3D252BB85800C2BE78 /* Main.storyboard in Resources */,
			);
			runOnlyForDeploymentPostprocessing = 0;
		};
		469AEA49252BB85B00C2BE78 /* Resources */ = {
			isa = PBXResourcesBuildPhase;
			buildActionMask = 2147483647;
			files = (
			);
			runOnlyForDeploymentPostprocessing = 0;
		};
		469AEA54252BB85B00C2BE78 /* Resources */ = {
			isa = PBXResourcesBuildPhase;
			buildActionMask = 2147483647;
			files = (
			);
			runOnlyForDeploymentPostprocessing = 0;
		};
/* End PBXResourcesBuildPhase section */

/* Begin PBXShellScriptBuildPhase section */
		2024211CE901F5557970ABEC /* [CP] Check Pods Manifest.lock */ = {
			isa = PBXShellScriptBuildPhase;
			buildActionMask = 2147483647;
			files = (
			);
			inputFileListPaths = (
			);
			inputPaths = (
				"${PODS_PODFILE_DIR_PATH}/Podfile.lock",
				"${PODS_ROOT}/Manifest.lock",
			);
			name = "[CP] Check Pods Manifest.lock";
			outputFileListPaths = (
			);
			outputPaths = (
				"$(DERIVED_FILE_DIR)/Pods-SwiftNews-checkManifestLockResult.txt",
			);
			runOnlyForDeploymentPostprocessing = 0;
			shellPath = /bin/sh;
			shellScript = "diff \"${PODS_PODFILE_DIR_PATH}/Podfile.lock\" \"${PODS_ROOT}/Manifest.lock\" > /dev/null\nif [ $? != 0 ] ; then\n    # print error to STDERR\n    echo \"error: The sandbox is not in sync with the Podfile.lock. Run 'pod install' or update your CocoaPods installation.\" >&2\n    exit 1\nfi\n# This output is used by Xcode 'outputs' to avoid re-running this script phase.\necho \"SUCCESS\" > \"${SCRIPT_OUTPUT_FILE_0}\"\n";
			showEnvVarsInLog = 0;
		};
		6FD148C233BB8E121BFFE106 /* [CP] Check Pods Manifest.lock */ = {
			isa = PBXShellScriptBuildPhase;
			buildActionMask = 2147483647;
			files = (
			);
			inputFileListPaths = (
			);
			inputPaths = (
				"${PODS_PODFILE_DIR_PATH}/Podfile.lock",
				"${PODS_ROOT}/Manifest.lock",
			);
			name = "[CP] Check Pods Manifest.lock";
			outputFileListPaths = (
			);
			outputPaths = (
				"$(DERIVED_FILE_DIR)/Pods-SwiftNews-SwiftNewsUITests-checkManifestLockResult.txt",
			);
			runOnlyForDeploymentPostprocessing = 0;
			shellPath = /bin/sh;
			shellScript = "diff \"${PODS_PODFILE_DIR_PATH}/Podfile.lock\" \"${PODS_ROOT}/Manifest.lock\" > /dev/null\nif [ $? != 0 ] ; then\n    # print error to STDERR\n    echo \"error: The sandbox is not in sync with the Podfile.lock. Run 'pod install' or update your CocoaPods installation.\" >&2\n    exit 1\nfi\n# This output is used by Xcode 'outputs' to avoid re-running this script phase.\necho \"SUCCESS\" > \"${SCRIPT_OUTPUT_FILE_0}\"\n";
			showEnvVarsInLog = 0;
		};
		D5E342B248FD8EFB861005FC /* [CP] Embed Pods Frameworks */ = {
			isa = PBXShellScriptBuildPhase;
			buildActionMask = 2147483647;
			files = (
			);
			inputFileListPaths = (
				"${PODS_ROOT}/Target Support Files/Pods-SwiftNews/Pods-SwiftNews-frameworks-${CONFIGURATION}-input-files.xcfilelist",
			);
			name = "[CP] Embed Pods Frameworks";
			outputFileListPaths = (
				"${PODS_ROOT}/Target Support Files/Pods-SwiftNews/Pods-SwiftNews-frameworks-${CONFIGURATION}-output-files.xcfilelist",
			);
			runOnlyForDeploymentPostprocessing = 0;
			shellPath = /bin/sh;
			shellScript = "\"${PODS_ROOT}/Target Support Files/Pods-SwiftNews/Pods-SwiftNews-frameworks.sh\"\n";
			showEnvVarsInLog = 0;
		};
		E7F490AC8BF8A5A939223FC3 /* [CP] Embed Pods Frameworks */ = {
			isa = PBXShellScriptBuildPhase;
			buildActionMask = 2147483647;
			files = (
			);
			inputFileListPaths = (
				"${PODS_ROOT}/Target Support Files/Pods-SwiftNews-SwiftNewsUITests/Pods-SwiftNews-SwiftNewsUITests-frameworks-${CONFIGURATION}-input-files.xcfilelist",
			);
			name = "[CP] Embed Pods Frameworks";
			outputFileListPaths = (
				"${PODS_ROOT}/Target Support Files/Pods-SwiftNews-SwiftNewsUITests/Pods-SwiftNews-SwiftNewsUITests-frameworks-${CONFIGURATION}-output-files.xcfilelist",
			);
			runOnlyForDeploymentPostprocessing = 0;
			shellPath = /bin/sh;
			shellScript = "\"${PODS_ROOT}/Target Support Files/Pods-SwiftNews-SwiftNewsUITests/Pods-SwiftNews-SwiftNewsUITests-frameworks.sh\"\n";
			showEnvVarsInLog = 0;
		};
		FD030347D8C844C7C16FFEDC /* [CP] Check Pods Manifest.lock */ = {
			isa = PBXShellScriptBuildPhase;
			buildActionMask = 2147483647;
			files = (
			);
			inputFileListPaths = (
			);
			inputPaths = (
				"${PODS_PODFILE_DIR_PATH}/Podfile.lock",
				"${PODS_ROOT}/Manifest.lock",
			);
			name = "[CP] Check Pods Manifest.lock";
			outputFileListPaths = (
			);
			outputPaths = (
				"$(DERIVED_FILE_DIR)/Pods-SwiftNewsTests-checkManifestLockResult.txt",
			);
			runOnlyForDeploymentPostprocessing = 0;
			shellPath = /bin/sh;
			shellScript = "diff \"${PODS_PODFILE_DIR_PATH}/Podfile.lock\" \"${PODS_ROOT}/Manifest.lock\" > /dev/null\nif [ $? != 0 ] ; then\n    # print error to STDERR\n    echo \"error: The sandbox is not in sync with the Podfile.lock. Run 'pod install' or update your CocoaPods installation.\" >&2\n    exit 1\nfi\n# This output is used by Xcode 'outputs' to avoid re-running this script phase.\necho \"SUCCESS\" > \"${SCRIPT_OUTPUT_FILE_0}\"\n";
			showEnvVarsInLog = 0;
		};
/* End PBXShellScriptBuildPhase section */

/* Begin PBXSourcesBuildPhase section */
		469AEA2E252BB85700C2BE78 /* Sources */ = {
			isa = PBXSourcesBuildPhase;
			buildActionMask = 2147483647;
			files = (
				469AEA40252BB85800C2BE78 /* SwiftNews.xcdatamodeld in Sources */,
				469AEAD0252CE4B600C2BE78 /* DefaultNewsHomeTableViewCell.swift in Sources */,
				469AEAC4252C4B7E00C2BE78 /* ArticleViewModel.swift in Sources */,
				469AEA84252BBC8E00C2BE78 /* NewsHomeDataModel.swift in Sources */,
				469AEA8C252BF20D00C2BE78 /* ApiRequestManager.swift in Sources */,
				469AEAC0252C471C00C2BE78 /* util.swift in Sources */,
				469AEA3A252BB85800C2BE78 /* NewsHomeViewController.swift in Sources */,
				469AEA96252C19C800C2BE78 /* CustomAnimination.swift in Sources */,
				469AEABC252C409F00C2BE78 /* ArticleView.swift in Sources */,
				469AEA7A252BBC0200C2BE78 /* CustomColors.swift in Sources */,
				469AEA7F252BBC6200C2BE78 /* NewsHomeDataSource.swift in Sources */,
				469AEA75252BBB6600C2BE78 /* CustomFonts.swift in Sources */,
				469AEA36252BB85800C2BE78 /* AppDelegate.swift in Sources */,
				46FB9C76252DA0C500E9DB80 /* Network.swift in Sources */,
				469AEAB8252C405800C2BE78 /* ArticleViewController.swift in Sources */,
				469AEA91252BF92500C2BE78 /* AlertModel.swift in Sources */,
				469AEA38252BB85800C2BE78 /* SceneDelegate.swift in Sources */,
			);
			runOnlyForDeploymentPostprocessing = 0;
		};
		469AEA47252BB85B00C2BE78 /* Sources */ = {
			isa = PBXSourcesBuildPhase;
			buildActionMask = 2147483647;
			files = (
				469AEA50252BB85B00C2BE78 /* SwiftNewsTests.swift in Sources */,
			);
			runOnlyForDeploymentPostprocessing = 0;
		};
		469AEA52252BB85B00C2BE78 /* Sources */ = {
			isa = PBXSourcesBuildPhase;
			buildActionMask = 2147483647;
			files = (
				469AEA5B252BB85B00C2BE78 /* SwiftNewsUITests.swift in Sources */,
			);
			runOnlyForDeploymentPostprocessing = 0;
		};
/* End PBXSourcesBuildPhase section */

/* Begin PBXTargetDependency section */
		469AEA4D252BB85B00C2BE78 /* PBXTargetDependency */ = {
			isa = PBXTargetDependency;
			target = 469AEA31252BB85700C2BE78 /* SwiftNews */;
			targetProxy = 469AEA4C252BB85B00C2BE78 /* PBXContainerItemProxy */;
		};
		469AEA58252BB85B00C2BE78 /* PBXTargetDependency */ = {
			isa = PBXTargetDependency;
			target = 469AEA31252BB85700C2BE78 /* SwiftNews */;
			targetProxy = 469AEA57252BB85B00C2BE78 /* PBXContainerItemProxy */;
		};
/* End PBXTargetDependency section */

/* Begin PBXVariantGroup section */
		469AEA3B252BB85800C2BE78 /* Main.storyboard */ = {
			isa = PBXVariantGroup;
			children = (
				469AEA3C252BB85800C2BE78 /* Base */,
			);
			name = Main.storyboard;
			sourceTree = "<group>";
		};
		469AEA43252BB85A00C2BE78 /* LaunchScreen.storyboard */ = {
			isa = PBXVariantGroup;
			children = (
				469AEA44252BB85A00C2BE78 /* Base */,
			);
			name = LaunchScreen.storyboard;
			sourceTree = "<group>";
		};
/* End PBXVariantGroup section */

/* Begin XCBuildConfiguration section */
		469AEA5D252BB85B00C2BE78 /* Debug */ = {
			isa = XCBuildConfiguration;
			buildSettings = {
				ALWAYS_SEARCH_USER_PATHS = NO;
				CLANG_ANALYZER_NONNULL = YES;
				CLANG_ANALYZER_NUMBER_OBJECT_CONVERSION = YES_AGGRESSIVE;
				CLANG_CXX_LANGUAGE_STANDARD = "gnu++14";
				CLANG_CXX_LIBRARY = "libc++";
				CLANG_ENABLE_MODULES = YES;
				CLANG_ENABLE_OBJC_ARC = YES;
				CLANG_ENABLE_OBJC_WEAK = YES;
				CLANG_WARN_BLOCK_CAPTURE_AUTORELEASING = YES;
				CLANG_WARN_BOOL_CONVERSION = YES;
				CLANG_WARN_COMMA = YES;
				CLANG_WARN_CONSTANT_CONVERSION = YES;
				CLANG_WARN_DEPRECATED_OBJC_IMPLEMENTATIONS = YES;
				CLANG_WARN_DIRECT_OBJC_ISA_USAGE = YES_ERROR;
				CLANG_WARN_DOCUMENTATION_COMMENTS = YES;
				CLANG_WARN_EMPTY_BODY = YES;
				CLANG_WARN_ENUM_CONVERSION = YES;
				CLANG_WARN_INFINITE_RECURSION = YES;
				CLANG_WARN_INT_CONVERSION = YES;
				CLANG_WARN_NON_LITERAL_NULL_CONVERSION = YES;
				CLANG_WARN_OBJC_IMPLICIT_RETAIN_SELF = YES;
				CLANG_WARN_OBJC_LITERAL_CONVERSION = YES;
				CLANG_WARN_OBJC_ROOT_CLASS = YES_ERROR;
				CLANG_WARN_QUOTED_INCLUDE_IN_FRAMEWORK_HEADER = YES;
				CLANG_WARN_RANGE_LOOP_ANALYSIS = YES;
				CLANG_WARN_STRICT_PROTOTYPES = YES;
				CLANG_WARN_SUSPICIOUS_MOVE = YES;
				CLANG_WARN_UNGUARDED_AVAILABILITY = YES_AGGRESSIVE;
				CLANG_WARN_UNREACHABLE_CODE = YES;
				CLANG_WARN__DUPLICATE_METHOD_MATCH = YES;
				COPY_PHASE_STRIP = NO;
				DEBUG_INFORMATION_FORMAT = dwarf;
				ENABLE_STRICT_OBJC_MSGSEND = YES;
				ENABLE_TESTABILITY = YES;
				GCC_C_LANGUAGE_STANDARD = gnu11;
				GCC_DYNAMIC_NO_PIC = NO;
				GCC_NO_COMMON_BLOCKS = YES;
				GCC_OPTIMIZATION_LEVEL = 0;
				GCC_PREPROCESSOR_DEFINITIONS = (
					"DEBUG=1",
					"$(inherited)",
				);
				GCC_WARN_64_TO_32_BIT_CONVERSION = YES;
				GCC_WARN_ABOUT_RETURN_TYPE = YES_ERROR;
				GCC_WARN_UNDECLARED_SELECTOR = YES;
				GCC_WARN_UNINITIALIZED_AUTOS = YES_AGGRESSIVE;
				GCC_WARN_UNUSED_FUNCTION = YES;
				GCC_WARN_UNUSED_VARIABLE = YES;
				IPHONEOS_DEPLOYMENT_TARGET = 14.0;
				MTL_ENABLE_DEBUG_INFO = INCLUDE_SOURCE;
				MTL_FAST_MATH = YES;
				ONLY_ACTIVE_ARCH = YES;
				SDKROOT = iphoneos;
				SWIFT_ACTIVE_COMPILATION_CONDITIONS = DEBUG;
				SWIFT_OPTIMIZATION_LEVEL = "-Onone";
			};
			name = Debug;
		};
		469AEA5E252BB85B00C2BE78 /* Release */ = {
			isa = XCBuildConfiguration;
			buildSettings = {
				ALWAYS_SEARCH_USER_PATHS = NO;
				CLANG_ANALYZER_NONNULL = YES;
				CLANG_ANALYZER_NUMBER_OBJECT_CONVERSION = YES_AGGRESSIVE;
				CLANG_CXX_LANGUAGE_STANDARD = "gnu++14";
				CLANG_CXX_LIBRARY = "libc++";
				CLANG_ENABLE_MODULES = YES;
				CLANG_ENABLE_OBJC_ARC = YES;
				CLANG_ENABLE_OBJC_WEAK = YES;
				CLANG_WARN_BLOCK_CAPTURE_AUTORELEASING = YES;
				CLANG_WARN_BOOL_CONVERSION = YES;
				CLANG_WARN_COMMA = YES;
				CLANG_WARN_CONSTANT_CONVERSION = YES;
				CLANG_WARN_DEPRECATED_OBJC_IMPLEMENTATIONS = YES;
				CLANG_WARN_DIRECT_OBJC_ISA_USAGE = YES_ERROR;
				CLANG_WARN_DOCUMENTATION_COMMENTS = YES;
				CLANG_WARN_EMPTY_BODY = YES;
				CLANG_WARN_ENUM_CONVERSION = YES;
				CLANG_WARN_INFINITE_RECURSION = YES;
				CLANG_WARN_INT_CONVERSION = YES;
				CLANG_WARN_NON_LITERAL_NULL_CONVERSION = YES;
				CLANG_WARN_OBJC_IMPLICIT_RETAIN_SELF = YES;
				CLANG_WARN_OBJC_LITERAL_CONVERSION = YES;
				CLANG_WARN_OBJC_ROOT_CLASS = YES_ERROR;
				CLANG_WARN_QUOTED_INCLUDE_IN_FRAMEWORK_HEADER = YES;
				CLANG_WARN_RANGE_LOOP_ANALYSIS = YES;
				CLANG_WARN_STRICT_PROTOTYPES = YES;
				CLANG_WARN_SUSPICIOUS_MOVE = YES;
				CLANG_WARN_UNGUARDED_AVAILABILITY = YES_AGGRESSIVE;
				CLANG_WARN_UNREACHABLE_CODE = YES;
				CLANG_WARN__DUPLICATE_METHOD_MATCH = YES;
				COPY_PHASE_STRIP = NO;
				DEBUG_INFORMATION_FORMAT = "dwarf-with-dsym";
				ENABLE_NS_ASSERTIONS = NO;
				ENABLE_STRICT_OBJC_MSGSEND = YES;
				GCC_C_LANGUAGE_STANDARD = gnu11;
				GCC_NO_COMMON_BLOCKS = YES;
				GCC_WARN_64_TO_32_BIT_CONVERSION = YES;
				GCC_WARN_ABOUT_RETURN_TYPE = YES_ERROR;
				GCC_WARN_UNDECLARED_SELECTOR = YES;
				GCC_WARN_UNINITIALIZED_AUTOS = YES_AGGRESSIVE;
				GCC_WARN_UNUSED_FUNCTION = YES;
				GCC_WARN_UNUSED_VARIABLE = YES;
				IPHONEOS_DEPLOYMENT_TARGET = 14.0;
				MTL_ENABLE_DEBUG_INFO = NO;
				MTL_FAST_MATH = YES;
				SDKROOT = iphoneos;
				SWIFT_COMPILATION_MODE = wholemodule;
				SWIFT_OPTIMIZATION_LEVEL = "-O";
				VALIDATE_PRODUCT = YES;
			};
			name = Release;
		};
		469AEA60252BB85B00C2BE78 /* Debug */ = {
			isa = XCBuildConfiguration;
			baseConfigurationReference = BB76B66841FCD9787F0FBD2C /* Pods-SwiftNews.debug.xcconfig */;
			buildSettings = {
				ASSETCATALOG_COMPILER_APPICON_NAME = AppIcon;
				ASSETCATALOG_COMPILER_GLOBAL_ACCENT_COLOR_NAME = AccentColor;
				CODE_SIGN_STYLE = Automatic;
				DEVELOPMENT_TEAM = YVG3V79M76;
				INFOPLIST_FILE = SwiftNews/Info.plist;
				LD_RUNPATH_SEARCH_PATHS = (
					"$(inherited)",
					"@executable_path/Frameworks",
				);
				PRODUCT_BUNDLE_IDENTIFIER = EmmanuelOgunmuyiwa.SwiftNews;
				PRODUCT_NAME = "$(TARGET_NAME)";
				SWIFT_VERSION = 5.0;
				TARGETED_DEVICE_FAMILY = "1,2";
			};
			name = Debug;
		};
		469AEA61252BB85B00C2BE78 /* Release */ = {
			isa = XCBuildConfiguration;
			baseConfigurationReference = 6347D0B04051BA4E3A8478FB /* Pods-SwiftNews.release.xcconfig */;
			buildSettings = {
				ASSETCATALOG_COMPILER_APPICON_NAME = AppIcon;
				ASSETCATALOG_COMPILER_GLOBAL_ACCENT_COLOR_NAME = AccentColor;
				CODE_SIGN_STYLE = Automatic;
				DEVELOPMENT_TEAM = YVG3V79M76;
				INFOPLIST_FILE = SwiftNews/Info.plist;
				LD_RUNPATH_SEARCH_PATHS = (
					"$(inherited)",
					"@executable_path/Frameworks",
				);
				PRODUCT_BUNDLE_IDENTIFIER = EmmanuelOgunmuyiwa.SwiftNews;
				PRODUCT_NAME = "$(TARGET_NAME)";
				SWIFT_VERSION = 5.0;
				TARGETED_DEVICE_FAMILY = "1,2";
			};
			name = Release;
		};
		469AEA63252BB85B00C2BE78 /* Debug */ = {
			isa = XCBuildConfiguration;
			baseConfigurationReference = 9D64F6575481BBD8DBAAAD91 /* Pods-SwiftNewsTests.debug.xcconfig */;
			buildSettings = {
				ALWAYS_EMBED_SWIFT_STANDARD_LIBRARIES = YES;
				BUNDLE_LOADER = "$(TEST_HOST)";
				CODE_SIGN_STYLE = Automatic;
				DEVELOPMENT_TEAM = YVG3V79M76;
				INFOPLIST_FILE = SwiftNewsTests/Info.plist;
				IPHONEOS_DEPLOYMENT_TARGET = 14.0;
				LD_RUNPATH_SEARCH_PATHS = (
					"$(inherited)",
					"@executable_path/Frameworks",
					"@loader_path/Frameworks",
				);
				PRODUCT_BUNDLE_IDENTIFIER = EmmanuelOgunmuyiwa.SwiftNewsTests;
				PRODUCT_NAME = "$(TARGET_NAME)";
				SWIFT_VERSION = 5.0;
				TARGETED_DEVICE_FAMILY = "1,2";
				TEST_HOST = "$(BUILT_PRODUCTS_DIR)/SwiftNews.app/SwiftNews";
			};
			name = Debug;
		};
		469AEA64252BB85B00C2BE78 /* Release */ = {
			isa = XCBuildConfiguration;
			baseConfigurationReference = 5EE6E69F863146CBF08C818C /* Pods-SwiftNewsTests.release.xcconfig */;
			buildSettings = {
				ALWAYS_EMBED_SWIFT_STANDARD_LIBRARIES = YES;
				BUNDLE_LOADER = "$(TEST_HOST)";
				CODE_SIGN_STYLE = Automatic;
				DEVELOPMENT_TEAM = YVG3V79M76;
				INFOPLIST_FILE = SwiftNewsTests/Info.plist;
				IPHONEOS_DEPLOYMENT_TARGET = 14.0;
				LD_RUNPATH_SEARCH_PATHS = (
					"$(inherited)",
					"@executable_path/Frameworks",
					"@loader_path/Frameworks",
				);
				PRODUCT_BUNDLE_IDENTIFIER = EmmanuelOgunmuyiwa.SwiftNewsTests;
				PRODUCT_NAME = "$(TARGET_NAME)";
				SWIFT_VERSION = 5.0;
				TARGETED_DEVICE_FAMILY = "1,2";
				TEST_HOST = "$(BUILT_PRODUCTS_DIR)/SwiftNews.app/SwiftNews";
			};
			name = Release;
		};
		469AEA66252BB85B00C2BE78 /* Debug */ = {
			isa = XCBuildConfiguration;
			baseConfigurationReference = A2727383B0C400B8CBB95A36 /* Pods-SwiftNews-SwiftNewsUITests.debug.xcconfig */;
			buildSettings = {
				ALWAYS_EMBED_SWIFT_STANDARD_LIBRARIES = YES;
				CODE_SIGN_STYLE = Automatic;
				DEVELOPMENT_TEAM = YVG3V79M76;
				INFOPLIST_FILE = SwiftNewsUITests/Info.plist;
				LD_RUNPATH_SEARCH_PATHS = (
					"$(inherited)",
					"@executable_path/Frameworks",
					"@loader_path/Frameworks",
				);
				PRODUCT_BUNDLE_IDENTIFIER = EmmanuelOgunmuyiwa.SwiftNewsUITests;
				PRODUCT_NAME = "$(TARGET_NAME)";
				SWIFT_VERSION = 5.0;
				TARGETED_DEVICE_FAMILY = "1,2";
				TEST_TARGET_NAME = SwiftNews;
			};
			name = Debug;
		};
		469AEA67252BB85B00C2BE78 /* Release */ = {
			isa = XCBuildConfiguration;
			baseConfigurationReference = B7FDE8A17ED7C171623A7CB0 /* Pods-SwiftNews-SwiftNewsUITests.release.xcconfig */;
			buildSettings = {
				ALWAYS_EMBED_SWIFT_STANDARD_LIBRARIES = YES;
				CODE_SIGN_STYLE = Automatic;
				DEVELOPMENT_TEAM = YVG3V79M76;
				INFOPLIST_FILE = SwiftNewsUITests/Info.plist;
				LD_RUNPATH_SEARCH_PATHS = (
					"$(inherited)",
					"@executable_path/Frameworks",
					"@loader_path/Frameworks",
				);
				PRODUCT_BUNDLE_IDENTIFIER = EmmanuelOgunmuyiwa.SwiftNewsUITests;
				PRODUCT_NAME = "$(TARGET_NAME)";
				SWIFT_VERSION = 5.0;
				TARGETED_DEVICE_FAMILY = "1,2";
				TEST_TARGET_NAME = SwiftNews;
			};
			name = Release;
		};
/* End XCBuildConfiguration section */

/* Begin XCConfigurationList section */
		469AEA2D252BB85700C2BE78 /* Build configuration list for PBXProject "SwiftNews" */ = {
			isa = XCConfigurationList;
			buildConfigurations = (
				469AEA5D252BB85B00C2BE78 /* Debug */,
				469AEA5E252BB85B00C2BE78 /* Release */,
			);
			defaultConfigurationIsVisible = 0;
			defaultConfigurationName = Release;
		};
		469AEA5F252BB85B00C2BE78 /* Build configuration list for PBXNativeTarget "SwiftNews" */ = {
			isa = XCConfigurationList;
			buildConfigurations = (
				469AEA60252BB85B00C2BE78 /* Debug */,
				469AEA61252BB85B00C2BE78 /* Release */,
			);
			defaultConfigurationIsVisible = 0;
			defaultConfigurationName = Release;
		};
		469AEA62252BB85B00C2BE78 /* Build configuration list for PBXNativeTarget "SwiftNewsTests" */ = {
			isa = XCConfigurationList;
			buildConfigurations = (
				469AEA63252BB85B00C2BE78 /* Debug */,
				469AEA64252BB85B00C2BE78 /* Release */,
			);
			defaultConfigurationIsVisible = 0;
			defaultConfigurationName = Release;
		};
		469AEA65252BB85B00C2BE78 /* Build configuration list for PBXNativeTarget "SwiftNewsUITests" */ = {
			isa = XCConfigurationList;
			buildConfigurations = (
				469AEA66252BB85B00C2BE78 /* Debug */,
				469AEA67252BB85B00C2BE78 /* Release */,
			);
			defaultConfigurationIsVisible = 0;
			defaultConfigurationName = Release;
		};
/* End XCConfigurationList section */

/* Begin XCRemoteSwiftPackageReference section */
		46FB9C79252DA57500E9DB80 /* XCRemoteSwiftPackageReference "Alamofire" */ = {
			isa = XCRemoteSwiftPackageReference;
			repositoryURL = "https://github.com/Alamofire/Alamofire.git";
			requirement = {
				kind = upToNextMajorVersion;
				minimumVersion = 5.2.2;
			};
		};
/* End XCRemoteSwiftPackageReference section */

/* Begin XCSwiftPackageProductDependency section */
		46FB9C7A252DA57500E9DB80 /* Alamofire */ = {
			isa = XCSwiftPackageProductDependency;
			package = 46FB9C79252DA57500E9DB80 /* XCRemoteSwiftPackageReference "Alamofire" */;
			productName = Alamofire;
		};
/* End XCSwiftPackageProductDependency section */

/* Begin XCVersionGroup section */
		469AEA3E252BB85800C2BE78 /* SwiftNews.xcdatamodeld */ = {
			isa = XCVersionGroup;
			children = (
				469AEA3F252BB85800C2BE78 /* SwiftNews.xcdatamodel */,
			);
			currentVersion = 469AEA3F252BB85800C2BE78 /* SwiftNews.xcdatamodel */;
			path = SwiftNews.xcdatamodeld;
			sourceTree = "<group>";
			versionGroupType = wrapper.xcdatamodel;
		};
/* End XCVersionGroup section */
	};
	rootObject = 469AEA2A252BB85700C2BE78 /* Project object */;
}
